{
  "originHash" : "afa60f8f91d8403fdd1542144d3be3db7f4421aa7c6e55ab4a37c7d8b0d9da46",
  "pins" : [
    {
      "identity" : "swift-syntax",
      "kind" : "remoteSourceControl",
      "location" : "https://github.com/swiftlang/swift-syntax.git",
      "state" : {
        "revision" : "050f1a346fbbac0ca2cfb15a95274f7bd1cf0ccf",
        "version" : "604.0.0"
      }
    }
  ],
  "version" : 3
}
